
Microsoft Visual Studio Solution File, Format Version 12.00
# Visual Studio Version 16
VisualStudioVersion = 16.0.30309.148
MinimumVisualStudioVersion = 10.0.40219.1
Project("{FAE04EC0-301F-11D3-BF4B-00C04F79EFBC}") = "Demo1", "Demo1\Demo1.csproj", "{0E74AD3F-5BA5-41BF-AB11-F604657C7149}"
EndProject
Project("{FAE04EC0-301F-11D3-BF4B-00C04F79EFBC}") = "Demo2", "Demo2\Demo2.csproj", "{5544D840-CF0C-427D-A095-7E70FCCD6A28}"
EndProject
Project("{FAE04EC0-301F-11D3-BF4B-00C04F79EFBC}") = "Demo3", "Demo3\Demo3.csproj", "{040CBF20-AE8D-4FF6-8F08-BAE894D0C879}"
EndProject
Project("{FAE04EC0-301F-11D3-BF4B-00C04F79EFBC}") = "Demo4", "Demo4\Demo4.csproj", "{4A62F3F6-742D-43C2-91B8-CA8C3BBB20D7}"
EndProject
Project("{FAE04EC0-301F-11D3-BF4B-00C04F79EFBC}") = "Demo5", "Demo5\Demo5.csproj", "{DA09E3F9-79BB-46F0-8964-D7BC13671837}"
EndProject
Project("{2150E333-8FDC-42A3-9474-1A3956D46DE8}") = "TPs", "TPs", "{3ACFEB8D-7001-47A7-80B7-DBA8F95B50FC}"
EndProject
Project("{FAE04EC0-301F-11D3-BF4B-00C04F79EFBC}") = "TPModule2", "Tp1\TPModule2.csproj", "{72F35FFD-F886-4507-9B9C-29B3C91BDD06}"
EndProject
Project("{FAE04EC0-301F-11D3-BF4B-00C04F79EFBC}") = "Demo6", "Demo6\Demo6.csproj", "{E76BF859-8B7B-4BC8-85C9-B639C754500A}"
EndProject
Project("{FAE04EC0-301F-11D3-BF4B-00C04F79EFBC}") = "TPModule3", "Tp2\TPModule3.csproj", "{6F069BCF-1447-45AD-89F0-ABD5471D567B}"
EndProject
Project("{FAE04EC0-301F-11D3-BF4B-00C04F79EFBC}") = "Demo7", "Demo7\Demo7.csproj", "{699E7D1F-2176-4470-92FD-F785886F0033}"
EndProject
Project("{FAE04EC0-301F-11D3-BF4B-00C04F79EFBC}") = "Demo8", "Demo8\Demo8.csproj", "{B5F6CC6F-A002-4019-BA60-79F92ACE0564}"
EndProject
Project("{FAE04EC0-301F-11D3-BF4B-00C04F79EFBC}") = "TPModule5-1", "Tp3\TPModule5-1.csproj", "{69B7997B-03D6-45E0-9C68-B65E7628552C}"
EndProject
Project("{FAE04EC0-301F-11D3-BF4B-00C04F79EFBC}") = "Demo9", "Demo9\Demo9.csproj", "{77AB7846-8EC8-464E-8CC2-347BC35DFD46}"
EndProject
Project("{FAE04EC0-301F-11D3-BF4B-00C04F79EFBC}") = "TPModule5-2-BO", "Tp4\TPModule5-2-BO\TPModule5-2-BO.csproj", "{6066EAAA-6025-49BC-A1F3-FC6447C42CD9}"
EndProject
Project("{2150E333-8FDC-42A3-9474-1A3956D46DE8}") = "TpModule5-2", "TpModule5-2", "{78D1A7DF-322B-43FD-955C-1192A810AAE7}"
EndProject
Project("{FAE04EC0-301F-11D3-BF4B-00C04F79EFBC}") = "TPModule5-2", "TPModule5-2\TPModule5-2.csproj", "{8C2221D1-E99E-409D-BAFC-24CCC6819866}"
EndProject
Project("{2150E333-8FDC-42A3-9474-1A3956D46DE8}") = "TpModule5-3", "TpModule5-3", "{C43C83B4-DE38-49DD-ABA3-95D37B6C7453}"
EndProject
Project("{FAE04EC0-301F-11D3-BF4B-00C04F79EFBC}") = "TPModule5-3-BO", "Tp5\TPModule5-3-BO\TPModule5-3-BO.csproj", "{8218EF55-A3E1-43CB-A372-E6A377F6E64B}"
EndProject
Project("{FAE04EC0-301F-11D3-BF4B-00C04F79EFBC}") = "TPModule5-3", "TPModule5-3\TPModule5-3.csproj", "{1BA6A39B-1B09-4FFB-98E2-0405142561CE}"
EndProject
Project("{FAE04EC0-301F-11D3-BF4B-00C04F79EFBC}") = "Demo10", "Demo10\Demo10.csproj", "{58960C4E-458A-456D-9B55-5C928C2FE1BF}"
EndProject
Project("{2150E333-8FDC-42A3-9474-1A3956D46DE8}") = "TpModule6-1", "TpModule6-1", "{188488E9-E801-4F62-BA4F-6384E8792803}"
EndProject
Project("{FAE04EC0-301F-11D3-BF4B-00C04F79EFBC}") = "TPModule6-1", "TPModule6-1\TPModule6-1.csproj", "{7398A0E0-2E0C-4922-B205-0A8CDA9A3292}"
EndProject
Project("{FAE04EC0-301F-11D3-BF4B-00C04F79EFBC}") = "TPModule6-1-BO", "Tp6\TPModule6-1-BO\TPModule6-1-BO.csproj", "{0BBA0441-0AB7-4112-946B-521C9CEC7367}"
EndProject
Global
	GlobalSection(SolutionConfigurationPlatforms) = preSolution
		Debug|Any CPU = Debug|Any CPU
		Release|Any CPU = Release|Any CPU
	EndGlobalSection
	GlobalSection(ProjectConfigurationPlatforms) = postSolution
		{0E74AD3F-5BA5-41BF-AB11-F604657C7149}.Debug|Any CPU.ActiveCfg = Debug|Any CPU
		{0E74AD3F-5BA5-41BF-AB11-F604657C7149}.Debug|Any CPU.Build.0 = Debug|Any CPU
		{0E74AD3F-5BA5-41BF-AB11-F604657C7149}.Release|Any CPU.ActiveCfg = Release|Any CPU
		{0E74AD3F-5BA5-41BF-AB11-F604657C7149}.Release|Any CPU.Build.0 = Release|Any CPU
		{5544D840-CF0C-427D-A095-7E70FCCD6A28}.Debug|Any CPU.ActiveCfg = Debug|Any CPU
		{5544D840-CF0C-427D-A095-7E70FCCD6A28}.Debug|Any CPU.Build.0 = Debug|Any CPU
		{5544D840-CF0C-427D-A095-7E70FCCD6A28}.Release|Any CPU.ActiveCfg = Release|Any CPU
		{5544D840-CF0C-427D-A095-7E70FCCD6A28}.Release|Any CPU.Build.0 = Release|Any CPU
		{040CBF20-AE8D-4FF6-8F08-BAE894D0C879}.Debug|Any CPU.ActiveCfg = Debug|Any CPU
		{040CBF20-AE8D-4FF6-8F08-BAE894D0C879}.Debug|Any CPU.Build.0 = Debug|Any CPU
		{040CBF20-AE8D-4FF6-8F08-BAE894D0C879}.Release|Any CPU.ActiveCfg = Release|Any CPU
		{040CBF20-AE8D-4FF6-8F08-BAE894D0C879}.Release|Any CPU.Build.0 = Release|Any CPU
		{4A62F3F6-742D-43C2-91B8-CA8C3BBB20D7}.Debug|Any CPU.ActiveCfg = Debug|Any CPU
		{4A62F3F6-742D-43C2-91B8-CA8C3BBB20D7}.Debug|Any CPU.Build.0 = Debug|Any CPU
		{4A62F3F6-742D-43C2-91B8-CA8C3BBB20D7}.Release|Any CPU.ActiveCfg = Release|Any CPU
		{4A62F3F6-742D-43C2-91B8-CA8C3BBB20D7}.Release|Any CPU.Build.0 = Release|Any CPU
		{DA09E3F9-79BB-46F0-8964-D7BC13671837}.Debug|Any CPU.ActiveCfg = Debug|Any CPU
		{DA09E3F9-79BB-46F0-8964-D7BC13671837}.Debug|Any CPU.Build.0 = Debug|Any CPU
		{DA09E3F9-79BB-46F0-8964-D7BC13671837}.Release|Any CPU.ActiveCfg = Release|Any CPU
		{DA09E3F9-79BB-46F0-8964-D7BC13671837}.Release|Any CPU.Build.0 = Release|Any CPU
		{72F35FFD-F886-4507-9B9C-29B3C91BDD06}.Debug|Any CPU.ActiveCfg = Debug|Any CPU
		{72F35FFD-F886-4507-9B9C-29B3C91BDD06}.Debug|Any CPU.Build.0 = Debug|Any CPU
		{72F35FFD-F886-4507-9B9C-29B3C91BDD06}.Release|Any CPU.ActiveCfg = Release|Any CPU
		{72F35FFD-F886-4507-9B9C-29B3C91BDD06}.Release|Any CPU.Build.0 = Release|Any CPU
		{E76BF859-8B7B-4BC8-85C9-B639C754500A}.Debug|Any CPU.ActiveCfg = Debug|Any CPU
		{E76BF859-8B7B-4BC8-85C9-B639C754500A}.Debug|Any CPU.Build.0 = Debug|Any CPU
		{E76BF859-8B7B-4BC8-85C9-B639C754500A}.Release|Any CPU.ActiveCfg = Release|Any CPU
		{E76BF859-8B7B-4BC8-85C9-B639C754500A}.Release|Any CPU.Build.0 = Release|Any CPU
		{6F069BCF-1447-45AD-89F0-ABD5471D567B}.Debug|Any CPU.ActiveCfg = Debug|Any CPU
		{6F069BCF-1447-45AD-89F0-ABD5471D567B}.Debug|Any CPU.Build.0 = Debug|Any CPU
		{6F069BCF-1447-45AD-89F0-ABD5471D567B}.Release|Any CPU.ActiveCfg = Release|Any CPU
		{6F069BCF-1447-45AD-89F0-ABD5471D567B}.Release|Any CPU.Build.0 = Release|Any CPU
		{699E7D1F-2176-4470-92FD-F785886F0033}.Debug|Any CPU.ActiveCfg = Debug|Any CPU
		{699E7D1F-2176-4470-92FD-F785886F0033}.Debug|Any CPU.Build.0 = Debug|Any CPU
		{699E7D1F-2176-4470-92FD-F785886F0033}.Release|Any CPU.ActiveCfg = Release|Any CPU
		{699E7D1F-2176-4470-92FD-F785886F0033}.Release|Any CPU.Build.0 = Release|Any CPU
		{B5F6CC6F-A002-4019-BA60-79F92ACE0564}.Debug|Any CPU.ActiveCfg = Debug|Any CPU
		{B5F6CC6F-A002-4019-BA60-79F92ACE0564}.Debug|Any CPU.Build.0 = Debug|Any CPU
		{B5F6CC6F-A002-4019-BA60-79F92ACE0564}.Release|Any CPU.ActiveCfg = Release|Any CPU
		{B5F6CC6F-A002-4019-BA60-79F92ACE0564}.Release|Any CPU.Build.0 = Release|Any CPU
		{69B7997B-03D6-45E0-9C68-B65E7628552C}.Debug|Any CPU.ActiveCfg = Debug|Any CPU
		{69B7997B-03D6-45E0-9C68-B65E7628552C}.Debug|Any CPU.Build.0 = Debug|Any CPU
		{69B7997B-03D6-45E0-9C68-B65E7628552C}.Release|Any CPU.ActiveCfg = Release|Any CPU
		{69B7997B-03D6-45E0-9C68-B65E7628552C}.Release|Any CPU.Build.0 = Release|Any CPU
		{77AB7846-8EC8-464E-8CC2-347BC35DFD46}.Debug|Any CPU.ActiveCfg = Debug|Any CPU
		{77AB7846-8EC8-464E-8CC2-347BC35DFD46}.Debug|Any CPU.Build.0 = Debug|Any CPU
		{77AB7846-8EC8-464E-8CC2-347BC35DFD46}.Release|Any CPU.ActiveCfg = Release|Any CPU
		{77AB7846-8EC8-464E-8CC2-347BC35DFD46}.Release|Any CPU.Build.0 = Release|Any CPU
		{6066EAAA-6025-49BC-A1F3-FC6447C42CD9}.Debug|Any CPU.ActiveCfg = Debug|Any CPU
		{6066EAAA-6025-49BC-A1F3-FC6447C42CD9}.Debug|Any CPU.Build.0 = Debug|Any CPU
		{6066EAAA-6025-49BC-A1F3-FC6447C42CD9}.Release|Any CPU.ActiveCfg = Release|Any CPU
		{6066EAAA-6025-49BC-A1F3-FC6447C42CD9}.Release|Any CPU.Build.0 = Release|Any CPU
		{8C2221D1-E99E-409D-BAFC-24CCC6819866}.Debug|Any CPU.ActiveCfg = Debug|Any CPU
		{8C2221D1-E99E-409D-BAFC-24CCC6819866}.Debug|Any CPU.Build.0 = Debug|Any CPU
		{8C2221D1-E99E-409D-BAFC-24CCC6819866}.Release|Any CPU.ActiveCfg = Release|Any CPU
		{8C2221D1-E99E-409D-BAFC-24CCC6819866}.Release|Any CPU.Build.0 = Release|Any CPU
		{8218EF55-A3E1-43CB-A372-E6A377F6E64B}.Debug|Any CPU.ActiveCfg = Debug|Any CPU
		{8218EF55-A3E1-43CB-A372-E6A377F6E64B}.Debug|Any CPU.Build.0 = Debug|Any CPU
		{8218EF55-A3E1-43CB-A372-E6A377F6E64B}.Release|Any CPU.ActiveCfg = Release|Any CPU
		{8218EF55-A3E1-43CB-A372-E6A377F6E64B}.Release|Any CPU.Build.0 = Release|Any CPU
		{1BA6A39B-1B09-4FFB-98E2-0405142561CE}.Debug|Any CPU.ActiveCfg = Debug|Any CPU
		{1BA6A39B-1B09-4FFB-98E2-0405142561CE}.Debug|Any CPU.Build.0 = Debug|Any CPU
		{1BA6A39B-1B09-4FFB-98E2-0405142561CE}.Release|Any CPU.ActiveCfg = Release|Any CPU
		{1BA6A39B-1B09-4FFB-98E2-0405142561CE}.Release|Any CPU.Build.0 = Release|Any CPU
		{58960C4E-458A-456D-9B55-5C928C2FE1BF}.Debug|Any CPU.ActiveCfg = Debug|Any CPU
		{58960C4E-458A-456D-9B55-5C928C2FE1BF}.Debug|Any CPU.Build.0 = Debug|Any CPU
		{58960C4E-458A-456D-9B55-5C928C2FE1BF}.Release|Any CPU.ActiveCfg = Release|Any CPU
		{58960C4E-458A-456D-9B55-5C928C2FE1BF}.Release|Any CPU.Build.0 = Release|Any CPU
		{7398A0E0-2E0C-4922-B205-0A8CDA9A3292}.Debug|Any CPU.ActiveCfg = Debug|Any CPU
		{7398A0E0-2E0C-4922-B205-0A8CDA9A3292}.Debug|Any CPU.Build.0 = Debug|Any CPU
		{7398A0E0-2E0C-4922-B205-0A8CDA9A3292}.Release|Any CPU.ActiveCfg = Release|Any CPU
		{7398A0E0-2E0C-4922-B205-0A8CDA9A3292}.Release|Any CPU.Build.0 = Release|Any CPU
		{0BBA0441-0AB7-4112-946B-521C9CEC7367}.Debug|Any CPU.ActiveCfg = Debug|Any CPU
		{0BBA0441-0AB7-4112-946B-521C9CEC7367}.Debug|Any CPU.Build.0 = Debug|Any CPU
		{0BBA0441-0AB7-4112-946B-521C9CEC7367}.Release|Any CPU.ActiveCfg = Release|Any CPU
		{0BBA0441-0AB7-4112-946B-521C9CEC7367}.Release|Any CPU.Build.0 = Release|Any CPU
	EndGlobalSection
	GlobalSection(SolutionProperties) = preSolution
		HideSolutionNode = FALSE
	EndGlobalSection
	GlobalSection(NestedProjects) = preSolution
		{72F35FFD-F886-4507-9B9C-29B3C91BDD06} = {3ACFEB8D-7001-47A7-80B7-DBA8F95B50FC}
		{6F069BCF-1447-45AD-89F0-ABD5471D567B} = {3ACFEB8D-7001-47A7-80B7-DBA8F95B50FC}
		{69B7997B-03D6-45E0-9C68-B65E7628552C} = {3ACFEB8D-7001-47A7-80B7-DBA8F95B50FC}
		{6066EAAA-6025-49BC-A1F3-FC6447C42CD9} = {78D1A7DF-322B-43FD-955C-1192A810AAE7}
		{78D1A7DF-322B-43FD-955C-1192A810AAE7} = {3ACFEB8D-7001-47A7-80B7-DBA8F95B50FC}
		{8C2221D1-E99E-409D-BAFC-24CCC6819866} = {78D1A7DF-322B-43FD-955C-1192A810AAE7}
		{C43C83B4-DE38-49DD-ABA3-95D37B6C7453} = {3ACFEB8D-7001-47A7-80B7-DBA8F95B50FC}
		{8218EF55-A3E1-43CB-A372-E6A377F6E64B} = {C43C83B4-DE38-49DD-ABA3-95D37B6C7453}
		{1BA6A39B-1B09-4FFB-98E2-0405142561CE} = {C43C83B4-DE38-49DD-ABA3-95D37B6C7453}
		{188488E9-E801-4F62-BA4F-6384E8792803} = {3ACFEB8D-7001-47A7-80B7-DBA8F95B50FC}
		{7398A0E0-2E0C-4922-B205-0A8CDA9A3292} = {188488E9-E801-4F62-BA4F-6384E8792803}
		{0BBA0441-0AB7-4112-946B-521C9CEC7367} = {188488E9-E801-4F62-BA4F-6384E8792803}
	EndGlobalSection
	GlobalSection(ExtensibilityGlobals) = postSolution
		SolutionGuid = {5D65D77B-DECB-44E9-B2B5-1E5594F7E91D}
	EndGlobalSection
EndGlobal
